// !$*UTF8*$!
{
	archiveVersion = 1;
	classes = {
	};
	objectVersion = 48;
	objects = {

/* Begin PBXBuildFile section */
		1ADA6A031FB48B7100A71527 /* AppDelegate.swift in Sources */ = {isa = PBXBuildFile; fileRef = 1ADA6A021FB48B7100A71527 /* AppDelegate.swift */; };
		1ADA6A051FB48B7100A71527 /* ViewController.swift in Sources */ = {isa = PBXBuildFile; fileRef = 1ADA6A041FB48B7100A71527 /* ViewController.swift */; };
		1ADA6A0A1FB48B7100A71527 /* Assets.xcassets in Resources */ = {isa = PBXBuildFile; fileRef = 1ADA6A091FB48B7100A71527 /* Assets.xcassets */; };
		1ADA6A0D1FB48B7100A71527 /* LaunchScreen.storyboard in Resources */ = {isa = PBXBuildFile; fileRef = 1ADA6A0B1FB48B7100A71527 /* LaunchScreen.storyboard */; };
		1ADA6A331FB5CEB800A71527 /* FactProvider.swift in Sources */ = {isa = PBXBuildFile; fileRef = 1ADA6A321FB5CEB800A71527 /* FactProvider.swift */; };
		1ADA6A351FB5CF1500A71527 /* Utils.swift in Sources */ = {isa = PBXBuildFile; fileRef = 1ADA6A341FB5CF1500A71527 /* Utils.swift */; };
		1ADA6A371FB5D10200A71527 /* FactButton.swift in Sources */ = {isa = PBXBuildFile; fileRef = 1ADA6A361FB5D10200A71527 /* FactButton.swift */; };
		1ADA6A391FB5D85600A71527 /* ColorProvider.swift in Sources */ = {isa = PBXBuildFile; fileRef = 1ADA6A381FB5D85600A71527 /* ColorProvider.swift */; };
		1ADA6A3B1FB5D90800A71527 /* FactLabel.swift in Sources */ = {isa = PBXBuildFile; fileRef = 1ADA6A3A1FB5D90800A71527 /* FactLabel.swift */; };
		1ADA6A421FBB4E8000A71527 /* FactButtonProvider.swift in Sources */ = {isa = PBXBuildFile; fileRef = 1ADA6A411FBB4E8000A71527 /* FactButtonProvider.swift */; };
/* End PBXBuildFile section */

/* Begin PBXFileReference section */
		1ADA69FF1FB48B7100A71527 /* FunFact.app */ = {isa = PBXFileReference; explicitFileType = wrapper.application; includeInIndex = 0; path = FunFact.app; sourceTree = BUILT_PRODUCTS_DIR; };
		1ADA6A021FB48B7100A71527 /* AppDelegate.swift */ = {isa = PBXFileReference; lastKnownFileType = sourcecode.swift; path = AppDelegate.swift; sourceTree = "<group>"; };
		1ADA6A041FB48B7100A71527 /* ViewController.swift */ = {isa = PBXFileReference; lastKnownFileType = sourcecode.swift; path = ViewController.swift; sourceTree = "<group>"; };
		1ADA6A091FB48B7100A71527 /* Assets.xcassets */ = {isa = PBXFileReference; lastKnownFileType = folder.assetcatalog; path = Assets.xcassets; sourceTree = "<group>"; };
		1ADA6A0C1FB48B7100A71527 /* Base */ = {isa = PBXFileReference; lastKnownFileType = file.storyboard; name = Base; path = Base.lproj/LaunchScreen.storyboard; sourceTree = "<group>"; };
		1ADA6A0E1FB48B7100A71527 /* Info.plist */ = {isa = PBXFileReference; lastKnownFileType = text.plist.xml; path = Info.plist; sourceTree = "<group>"; };
		1ADA6A321FB5CEB800A71527 /* FactProvider.swift */ = {isa = PBXFileReference; lastKnownFileType = sourcecode.swift; path = FactProvider.swift; sourceTree = "<group>"; };
		1ADA6A341FB5CF1500A71527 /* Utils.swift */ = {isa = PBXFileReference; lastKnownFileType = sourcecode.swift; path = Utils.swift; sourceTree = "<group>"; };
		1ADA6A361FB5D10200A71527 /* FactButton.swift */ = {isa = PBXFileReference; lastKnownFileType = sourcecode.swift; path = FactButton.swift; sourceTree = "<group>"; };
		1ADA6A381FB5D85600A71527 /* ColorProvider.swift */ = {isa = PBXFileReference; lastKnownFileType = sourcecode.swift; path = ColorProvider.swift; sourceTree = "<group>"; };
		1ADA6A3A1FB5D90800A71527 /* FactLabel.swift */ = {isa = PBXFileReference; lastKnownFileType = sourcecode.swift; path = FactLabel.swift; sourceTree = "<group>"; };
		1ADA6A411FBB4E8000A71527 /* FactButtonProvider.swift */ = {isa = PBXFileReference; lastKnownFileType = sourcecode.swift; path = FactButtonProvider.swift; sourceTree = "<group>"; };
/* End PBXFileReference section */

/* Begin PBXFrameworksBuildPhase section */
		1ADA69FC1FB48B7100A71527 /* Frameworks */ = {
			isa = PBXFrameworksBuildPhase;
			buildActionMask = 2147483647;
			files = (
			);
			runOnlyForDeploymentPostprocessing = 0;
		};
/* End PBXFrameworksBuildPhase section */

/* Begin PBXGroup section */
		1ADA69F61FB48B7100A71527 = {
			isa = PBXGroup;
			children = (
				1ADA6A011FB48B7100A71527 /* FunFact */,
				1ADA6A001FB48B7100A71527 /* Products */,
			);
			sourceTree = "<group>";
		};
		1ADA6A001FB48B7100A71527 /* Products */ = {
			isa = PBXGroup;
			children = (
				1ADA69FF1FB48B7100A71527 /* FunFact.app */,
			);
			name = Products;
			sourceTree = "<group>";
		};
		1ADA6A011FB48B7100A71527 /* FunFact */ = {
			isa = PBXGroup;
			children = (
				1ADA6A401FB5DB9900A71527 /* AppDelegate */,
				1ADA6A3F1FB5DB8900A71527 /* Controller */,
				1ADA6A3C1FB5DB6600A71527 /* Views */,
				1ADA6A3E1FB5DB8100A71527 /* Utils */,
				1ADA6A3D1FB5DB7500A71527 /* Providers */,
				1ADA6A091FB48B7100A71527 /* Assets.xcassets */,
				1ADA6A0B1FB48B7100A71527 /* LaunchScreen.storyboard */,
				1ADA6A0E1FB48B7100A71527 /* Info.plist */,
			);
			path = FunFact;
			sourceTree = "<group>";
		};
		1ADA6A3C1FB5DB6600A71527 /* Views */ = {
			isa = PBXGroup;
			children = (
				1ADA6A361FB5D10200A71527 /* FactButton.swift */,
				1ADA6A3A1FB5D90800A71527 /* FactLabel.swift */,
			);
			path = Views;
			sourceTree = "<group>";
		};
		1ADA6A3D1FB5DB7500A71527 /* Providers */ = {
			isa = PBXGroup;
			children = (
				1ADA6A381FB5D85600A71527 /* ColorProvider.swift */,
				1ADA6A321FB5CEB800A71527 /* FactProvider.swift */,
				1ADA6A411FBB4E8000A71527 /* FactButtonProvider.swift */,
			);
			path = Providers;
			sourceTree = "<group>";
		};
		1ADA6A3E1FB5DB8100A71527 /* Utils */ = {
			isa = PBXGroup;
			children = (
				1ADA6A341FB5CF1500A71527 /* Utils.swift */,
			);
			path = Utils;
			sourceTree = "<group>";
		};
		1ADA6A3F1FB5DB8900A71527 /* Controller */ = {
			isa = PBXGroup;
			children = (
				1ADA6A041FB48B7100A71527 /* ViewController.swift */,
			);
			path = Controller;
			sourceTree = "<group>";
		};
		1ADA6A401FB5DB9900A71527 /* AppDelegate */ = {
			isa = PBXGroup;
			children = (
				1ADA6A021FB48B7100A71527 /* AppDelegate.swift */,
			);
			path = AppDelegate;
			sourceTree = "<group>";
		};
/* End PBXGroup section */

/* Begin PBXNativeTarget section */
		1ADA69FE1FB48B7100A71527 /* FunFact */ = {
			isa = PBXNativeTarget;
			buildConfigurationList = 1ADA6A111FB48B7100A71527 /* Build configuration list for PBXNativeTarget "FunFact" */;
			buildPhases = (
				1ADA69FB1FB48B7100A71527 /* Sources */,
				1ADA69FC1FB48B7100A71527 /* Frameworks */,
				1ADA69FD1FB48B7100A71527 /* Resources */,
			);
			buildRules = (
			);
			dependencies = (
			);
			name = FunFact;
			productName = FunFact;
			productReference = 1ADA69FF1FB48B7100A71527 /* FunFact.app */;
			productType = "com.apple.product-type.application";
		};
/* End PBXNativeTarget section */

/* Begin PBXProject section */
		1ADA69F71FB48B7100A71527 /* Project object */ = {
			isa = PBXProject;
			attributes = {
				LastSwiftUpdateCheck = 0910;
				LastUpgradeCheck = 0910;
				ORGANIZATIONNAME = "Amir Ghoreshi";
				TargetAttributes = {
					1ADA69FE1FB48B7100A71527 = {
						CreatedOnToolsVersion = 9.1;
						ProvisioningStyle = Automatic;
					};
				};
			};
			buildConfigurationList = 1ADA69FA1FB48B7100A71527 /* Build configuration list for PBXProject "FunFact" */;
			compatibilityVersion = "Xcode 8.0";
			developmentRegion = en;
			hasScannedForEncodings = 0;
			knownRegions = (
				en,
				Base,
			);
			mainGroup = 1ADA69F61FB48B7100A71527;
			productRefGroup = 1ADA6A001FB48B7100A71527 /* Products */;
			projectDirPath = "";
			projectRoot = "";
			targets = (
				1ADA69FE1FB48B7100A71527 /* FunFact */,
			);
		};
/* End PBXProject section */

/* Begin PBXResourcesBuildPhase section */
		1ADA69FD1FB48B7100A71527 /* Resources */ = {
			isa = PBXResourcesBuildPhase;
			buildActionMask = 2147483647;
			files = (
				1ADA6A0D1FB48B7100A71527 /* LaunchScreen.storyboard in Resources */,
				1ADA6A0A1FB48B7100A71527 /* Assets.xcassets in Resources */,
			);
			runOnlyForDeploymentPostprocessing = 0;
		};
/* End PBXResourcesBuildPhase section */

/* Begin PBXSourcesBuildPhase section */
		1ADA69FB1FB48B7100A71527 /* Sources */ = {
			isa = PBXSourcesBuildPhase;
			buildActionMask = 2147483647;
			files = (
				1ADA6A391FB5D85600A71527 /* ColorProvider.swift in Sources */,
				1ADA6A3B1FB5D90800A71527 /* FactLabel.swift in Sources */,
				1ADA6A051FB48B7100A71527 /* ViewController.swift in Sources */,
				1ADA6A031FB48B7100A71527 /* AppDelegate.swift in Sources */,
				1ADA6A371FB5D10200A71527 /* FactButton.swift in Sources */,
				1ADA6A421FBB4E8000A71527 /* FactButtonProvider.swift in Sources */,
				1ADA6A331FB5CEB800A71527 /* FactProvider.swift in Sources */,
				1ADA6A351FB5CF1500A71527 /* Utils.swift in Sources */,
			);
			runOnlyForDeploymentPostprocessing = 0;
		};
/* End PBXSourcesBuildPhase section */

/* Begin PBXVariantGroup section */
		1ADA6A0B1FB48B7100A71527 /* LaunchScreen.storyboard */ = {
			isa = PBXVariantGroup;
			children = (
				1ADA6A0C1FB48B7100A71527 /* Base */,
			);
			name = LaunchScreen.storyboard;
			sourceTree = "<group>";
		};
/* End PBXVariantGroup section */

/* Begin XCBuildConfiguration section */
		1ADA6A0F1FB48B7100A71527 /* Debug */ = {
			isa = XCBuildConfiguration;
			buildSettings = {
				ALWAYS_SEARCH_USER_PATHS = NO;
				CLANG_ANALYZER_NONNULL = YES;
				CLANG_ANALYZER_NUMBER_OBJECT_CONVERSION = YES_AGGRESSIVE;
				CLANG_CXX_LANGUAGE_STANDARD = "gnu++14";
				CLANG_CXX_LIBRARY = "libc++";
				CLANG_ENABLE_MODULES = YES;
				CLANG_ENABLE_OBJC_ARC = YES;
				CLANG_WARN_BLOCK_CAPTURE_AUTORELEASING = YES;
				CLANG_WARN_BOOL_CONVERSION = YES;
				CLANG_WARN_COMMA = YES;
				CLANG_WARN_CONSTANT_CONVERSION = YES;
				CLANG_WARN_DIRECT_OBJC_ISA_USAGE = YES_ERROR;
				CLANG_WARN_DOCUMENTATION_COMMENTS = YES;
				CLANG_WARN_EMPTY_BODY = YES;
				CLANG_WARN_ENUM_CONVERSION = YES;
				CLANG_WARN_INFINITE_RECURSION = YES;
				CLANG_WARN_INT_CONVERSION = YES;
				CLANG_WARN_NON_LITERAL_NULL_CONVERSION = YES;
				CLANG_WARN_OBJC_LITERAL_CONVERSION = YES;
				CLANG_WARN_OBJC_ROOT_CLASS = YES_ERROR;
				CLANG_WARN_RANGE_LOOP_ANALYSIS = YES;
				CLANG_WARN_STRICT_PROTOTYPES = YES;
				CLANG_WARN_SUSPICIOUS_MOVE = YES;
				CLANG_WARN_UNGUARDED_AVAILABILITY = YES_AGGRESSIVE;
				CLANG_WARN_UNREACHABLE_CODE = YES;
				CLANG_WARN__DUPLICATE_METHOD_MATCH = YES;
				CODE_SIGN_IDENTITY = "iPhone Developer";
				COPY_PHASE_STRIP = NO;
				DEBUG_INFORMATION_FORMAT = dwarf;
				ENABLE_STRICT_OBJC_MSGSEND = YES;
				ENABLE_TESTABILITY = YES;
				GCC_C_LANGUAGE_STANDARD = gnu11;
				GCC_DYNAMIC_NO_PIC = NO;
				GCC_NO_COMMON_BLOCKS = YES;
				GCC_OPTIMIZATION_LEVEL = 0;
				GCC_PREPROCESSOR_DEFINITIONS = (
					"DEBUG=1",
					"$(inherited)",
				);
				GCC_WARN_64_TO_32_BIT_CONVERSION = YES;
				GCC_WARN_ABOUT_RETURN_TYPE = YES_ERROR;
				GCC_WARN_UNDECLARED_SELECTOR = YES;
				GCC_WARN_UNINITIALIZED_AUTOS = YES_AGGRESSIVE;
				GCC_WARN_UNUSED_FUNCTION = YES;
				GCC_WARN_UNUSED_VARIABLE = YES;
				IPHONEOS_DEPLOYMENT_TARGET = 11.1;
				MTL_ENABLE_DEBUG_INFO = YES;
				ONLY_ACTIVE_ARCH = YES;
				SDKROOT = iphoneos;
				SWIFT_ACTIVE_COMPILATION_CONDITIONS = DEBUG;
				SWIFT_OPTIMIZATION_LEVEL = "-Onone";
			};
			name = Debug;
		};
		1ADA6A101FB48B7100A71527 /* Release */ = {
			isa = XCBuildConfiguration;
			buildSettings = {
				ALWAYS_SEARCH_USER_PATHS = NO;
				CLANG_ANALYZER_NONNULL = YES;
				CLANG_ANALYZER_NUMBER_OBJECT_CONVERSION = YES_AGGRESSIVE;
				CLANG_CXX_LANGUAGE_STANDARD = "gnu++14";
				CLANG_CXX_LIBRARY = "libc++";
				CLANG_ENABLE_MODULES = YES;
				CLANG_ENABLE_OBJC_ARC = YES;
				CLANG_WARN_BLOCK_CAPTURE_AUTORELEASING = YES;
				CLANG_WARN_BOOL_CONVERSION = YES;
				CLANG_WARN_COMMA = YES;
				CLANG_WARN_CONSTANT_CONVERSION = YES;
				CLANG_WARN_DIRECT_OBJC_ISA_USAGE = YES_ERROR;
				CLANG_WARN_DOCUMENTATION_COMMENTS = YES;
				CLANG_WARN_EMPTY_BODY = YES;
				CLANG_WARN_ENUM_CONVERSION = YES;
				CLANG_WARN_INFINITE_RECURSION = YES;
				CLANG_WARN_INT_CONVERSION = YES;
				CLANG_WARN_NON_LITERAL_NULL_CONVERSION = YES;
				CLANG_WARN_OBJC_LITERAL_CONVERSION = YES;
				CLANG_WARN_OBJC_ROOT_CLASS = YES_ERROR;
				CLANG_WARN_RANGE_LOOP_ANALYSIS = YES;
				CLANG_WARN_STRICT_PROTOTYPES = YES;
				CLANG_WARN_SUSPICIOUS_MOVE = YES;
				CLANG_WARN_UNGUARDED_AVAILABILITY = YES_AGGRESSIVE;
				CLANG_WARN_UNREACHABLE_CODE = YES;
				CLANG_WARN__DUPLICATE_METHOD_MATCH = YES;
				CODE_SIGN_IDENTITY = "iPhone Developer";
				COPY_PHASE_STRIP = NO;
				DEBUG_INFORMATION_FORMAT = "dwarf-with-dsym";
				ENABLE_NS_ASSERTIONS = NO;
				ENABLE_STRICT_OBJC_MSGSEND = YES;
				GCC_C_LANGUAGE_STANDARD = gnu11;
				GCC_NO_COMMON_BLOCKS = YES;
				GCC_WARN_64_TO_32_BIT_CONVERSION = YES;
				GCC_WARN_ABOUT_RETURN_TYPE = YES_ERROR;
				GCC_WARN_UNDECLARED_SELECTOR = YES;
				GCC_WARN_UNINITIALIZED_AUTOS = YES_AGGRESSIVE;
				GCC_WARN_UNUSED_FUNCTION = YES;
				GCC_WARN_UNUSED_VARIABLE = YES;
				IPHONEOS_DEPLOYMENT_TARGET = 11.1;
				MTL_ENABLE_DEBUG_INFO = NO;
				SDKROOT = iphoneos;
				SWIFT_OPTIMIZATION_LEVEL = "-Owholemodule";
				VALIDATE_PRODUCT = YES;
			};
			name = Release;
		};
		1ADA6A121FB48B7100A71527 /* Debug */ = {
			isa = XCBuildConfiguration;
			buildSettings = {
				ASSETCATALOG_COMPILER_APPICON_NAME = AppIcon;
				CODE_SIGN_STYLE = Automatic;
				DEVELOPMENT_TEAM = HG68GQW2ZZ;
				INFOPLIST_FILE = FunFact/Info.plist;
				IPHONEOS_DEPLOYMENT_TARGET = 10.0;
				LD_RUNPATH_SEARCH_PATHS = "$(inherited) @executable_path/Frameworks";
				PRODUCT_BUNDLE_IDENTIFIER = com.amgh.amonax.FunFact;
				PRODUCT_NAME = "$(TARGET_NAME)";
				SWIFT_VERSION = 4.0;
				TARGETED_DEVICE_FAMILY = "1,2";
			};
			name = Debug;
		};
		1ADA6A131FB48B7100A71527 /* Release */ = {
			isa = XCBuildConfiguration;
			buildSettings = {
				ASSETCATALOG_COMPILER_APPICON_NAME = AppIcon;
				CODE_SIGN_STYLE = Automatic;
				DEVELOPMENT_TEAM = HG68GQW2ZZ;
				INFOPLIST_FILE = FunFact/Info.plist;
				IPHONEOS_DEPLOYMENT_TARGET = 10.0;
				LD_RUNPATH_SEARCH_PATHS = "$(inherited) @executable_path/Frameworks";
				PRODUCT_BUNDLE_IDENTIFIER = com.amgh.amonax.FunFact;
				PRODUCT_NAME = "$(TARGET_NAME)";
				SWIFT_VERSION = 4.0;
				TARGETED_DEVICE_FAMILY = "1,2";
			};
			name = Release;
		};
/* End XCBuildConfiguration section */

/* Begin XCConfigurationList section */
		1ADA69FA1FB48B7100A71527 /* Build configuration list for PBXProject "FunFact" */ = {
			isa = XCConfigurationList;
			buildConfigurations = (
				1ADA6A0F1FB48B7100A71527 /* Debug */,
				1ADA6A101FB48B7100A71527 /* Release */,
			);
			defaultConfigurationIsVisible = 0;
			defaultConfigurationName = Release;
		};
		1ADA6A111FB48B7100A71527 /* Build configuration list for PBXNativeTarget "FunFact" */ = {
			isa = XCConfigurationList;
			buildConfigurations = (
				1ADA6A121FB48B7100A71527 /* Debug */,
				1ADA6A131FB48B7100A71527 /* Release */,
			);
			defaultConfigurationIsVisible = 0;
			defaultConfigurationName = Release;
		};
/* End XCConfigurationList section */
	};
	rootObject = 1ADA69F71FB48B7100A71527 /* Project object */;
}
